
Microsoft Visual Studio Solution File, Format Version 12.00
# Visual Studio Version 17
VisualStudioVersion = 17.2.32630.192
MinimumVisualStudioVersion = 10.0.40219.1
Project("{9A19103F-16F7-4668-BE54-9A1E7A4F7556}") = "Accounting.API", "Accounting.API\Accounting.API.csproj", "{A172CDD8-64F3-4AEA-8BA5-B5981B206805}"
EndProject
Project("{FAE04EC0-301F-11D3-BF4B-00C04F79EFBC}") = "Accounting.API.Test", "Accounting.API.Test\Accounting.API.Test.csproj", "{63302B27-BB79-4646-9651-56DE4FDB1003}"
EndProject
Project("{FAE04EC0-301F-11D3-BF4B-00C04F79EFBC}") = "Accounting.APP", "Accounting.APP\Accounting.APP.csproj", "{B84BFE1D-99A4-40D6-9450-18BE4958AB2D}"
EndProject
Global
	GlobalSection(SolutionConfigurationPlatforms) = preSolution
		Debug|Any CPU = Debug|Any CPU
		Release|Any CPU = Release|Any CPU
	EndGlobalSection
	GlobalSection(ProjectConfigurationPlatforms) = postSolution
		{A172CDD8-64F3-4AEA-8BA5-B5981B206805}.Debug|Any CPU.ActiveCfg = Debug|Any CPU
		{A172CDD8-64F3-4AEA-8BA5-B5981B206805}.Debug|Any CPU.Build.0 = Debug|Any CPU
		{A172CDD8-64F3-4AEA-8BA5-B5981B206805}.Release|Any CPU.ActiveCfg = Release|Any CPU
		{A172CDD8-64F3-4AEA-8BA5-B5981B206805}.Release|Any CPU.Build.0 = Release|Any CPU
		{63302B27-BB79-4646-9651-56DE4FDB1003}.Debug|Any CPU.ActiveCfg = Debug|Any CPU
		{63302B27-BB79-4646-9651-56DE4FDB1003}.Debug|Any CPU.Build.0 = Debug|Any CPU
		{63302B27-BB79-4646-9651-56DE4FDB1003}.Release|Any CPU.ActiveCfg = Release|Any CPU
		{63302B27-BB79-4646-9651-56DE4FDB1003}.Release|Any CPU.Build.0 = Release|Any CPU
		{B84BFE1D-99A4-40D6-9450-18BE4958AB2D}.Debug|Any CPU.ActiveCfg = Debug|Any CPU
		{B84BFE1D-99A4-40D6-9450-18BE4958AB2D}.Debug|Any CPU.Build.0 = Debug|Any CPU
		{B84BFE1D-99A4-40D6-9450-18BE4958AB2D}.Release|Any CPU.ActiveCfg = Release|Any CPU
		{B84BFE1D-99A4-40D6-9450-18BE4958AB2D}.Release|Any CPU.Build.0 = Release|Any CPU
	EndGlobalSection
	GlobalSection(SolutionProperties) = preSolution
		HideSolutionNode = FALSE
	EndGlobalSection
	GlobalSection(ExtensibilityGlobals) = postSolution
		SolutionGuid = {EFD8CCB1-B9FD-448E-A720-ACAB8CD9602E}
	EndGlobalSection
EndGlobal
